
Microsoft Visual Studio Solution File, Format Version 12.00
# Visual Studio Version 17
VisualStudioVersion = 17.7.34031.279
MinimumVisualStudioVersion = 10.0.40219.1
Project("{9A19103F-16F7-4668-BE54-9A1E7A4F7556}") = "MonsterTradingCardGame", "MonsterTradingCardGame\MonsterTradingCardGame.csproj", "{96431437-6839-438A-82A7-31CA3AD73035}"
EndProject
Global
	GlobalSection(SolutionConfigurationPlatforms) = preSolution
		Debug|Any CPU = Debug|Any CPU
		Release|Any CPU = Release|Any CPU
	EndGlobalSection
	GlobalSection(ProjectConfigurationPlatforms) = postSolution
		{96431437-6839-438A-82A7-31CA3AD73035}.Debug|Any CPU.ActiveCfg = Debug|Any CPU
		{96431437-6839-438A-82A7-31CA3AD73035}.Debug|Any CPU.Build.0 = Debug|Any CPU
		{96431437-6839-438A-82A7-31CA3AD73035}.Release|Any CPU.ActiveCfg = Release|Any CPU
		{96431437-6839-438A-82A7-31CA3AD73035}.Release|Any CPU.Build.0 = Release|Any CPU
	EndGlobalSection
	GlobalSection(SolutionProperties) = preSolution
		HideSolutionNode = FALSE
	EndGlobalSection
	GlobalSection(ExtensibilityGlobals) = postSolution
		SolutionGuid = {A427F658-D3AE-4CC4-A91E-5C4DFF0807BF}
	EndGlobalSection
EndGlobal
